{
  "name": "@walletpass/pass-js",
  "version": "7.2.1",
  "lockfileVersion": 3,
  "requires": true,
  "packages": {
    "": {
      "name": "@walletpass/pass-js",
      "version": "7.2.1",
      "license": "AGPL-3.0-or-later",
      "bin": {
        "passkit-keys": "bin/passkit-keys"
      },
      "devDependencies": {
        "@types/node": "^24.0.0",
        "@typescript/native-preview": "7.0.0-dev.20260509.2",
        "oxfmt": "^0.49.0",
        "oxlint": "^1.63.0",
        "oxlint-tsgolint": "^0.22.1"
      },
      "engines": {
        "node": ">=24.12.0"
      },
      "funding": {
        "type": "opencollective",
        "url": "https://opencollective.com/walletpass"
      }
    },
    "node_modules/@oxfmt/binding-android-arm-eabi": {
      "version": "0.49.0",
      "resolved": "https://registry.npmjs.org/@oxfmt/binding-android-arm-eabi/-/binding-android-arm-eabi-0.49.0.tgz",
      "integrity": "sha512-HbifJ84prIh9+55CTPAU35JdRQrwg47y16cGerCC+iejSKOuHXYo2WDql6l7cQlzrYVtc3f4UWY+dBj2lRmOeA==",
      "cpu": [
        "arm"
      ],
      "dev": true,
      "license": "MIT",
      "optional": true,
      "os": [
        "android"
      ],
      "engines": {
        "node": "^20.19.0 || >=22.12.0"
      }
    },
    "node_modules/@oxfmt/binding-android-arm64": {
      "version": "0.49.0",
      "resolved": "https://registry.npmjs.org/@oxfmt/binding-android-arm64/-/binding-android-arm64-0.49.0.tgz",
      "integrity": "sha512-Ef7SKJqAaH2d7E6eXZZa2OffIShbhFMxnGK0zd93p4qiyTJr75B0qf7lrPD+qQOwcf04BrjYJ0JUxq8d5+yZwg==",
      "cpu": [
        "arm64"
      ],
      "dev": true,
      "license": "MIT",
      "optional": true,
      "os": [
        "android"
      ],
      "engines": {
        "node": "^20.19.0 || >=22.12.0"
      }
    },
    "node_modules/@oxfmt/binding-darwin-arm64": {
      "version": "0.49.0",
      "resolved": "https://registry.npmjs.org/@oxfmt/binding-darwin-arm64/-/binding-darwin-arm64-0.49.0.tgz",
      "integrity": "sha512-8x5DN9CsFfb432sHa9NyqX5XisGUdA53LPEGSdv/VniS+v4uEOR8Orv7A9QSB98Xxgp0t6r31DzQA/wpIobGqQ==",
      "cpu": [
        "arm64"
      ],
      "dev": true,
      "license": "MIT",
      "optional": true,
      "os": [
        "darwin"
      ],
      "engines": {
        "node": "^20.19.0 || >=22.12.0"
      }
    },
    "node_modules/@oxfmt/binding-darwin-x64": {
      "version": "0.49.0",
      "resolved": "https://registry.npmjs.org/@oxfmt/binding-darwin-x64/-/binding-darwin-x64-0.49.0.tgz",
      "integrity": "sha512-e0+DSVzk4ewhMVKNYDaRTmP81jNMBWR1X9al0cVKWS+hDM/dElNqD5zjTOCuLOZc4oOdp2Gx2ldrVL+yYo9TZQ==",
      "cpu": [
        "x64"
      ],
      "dev": true,
      "license": "MIT",
      "optional": true,
      "os": [
        "darwin"
      ],
      "engines": {
        "node": "^20.19.0 || >=22.12.0"
      }
    },
    "node_modules/@oxfmt/binding-freebsd-x64": {
      "version": "0.49.0",
      "resolved": "https://registry.npmjs.org/@oxfmt/binding-freebsd-x64/-/binding-freebsd-x64-0.49.0.tgz",
      "integrity": "sha512-W+mjtYtrQvFbXT/uNT+221OBhGRZ8UqNsLxjTWsjZ4GsQnRdvRC/N2NCK86BcamWr7lsTxwpwN3PULnr78sgcQ==",
      "cpu": [
        "x64"
      ],
      "dev": true,
      "license": "MIT",
      "optional": true,
      "os": [
        "freebsd"
      ],
      "engines": {
        "node": "^20.19.0 || >=22.12.0"
      }
    },
    "node_modules/@oxfmt/binding-linux-arm-gnueabihf": {
      "version": "0.49.0",
      "resolved": "https://registry.npmjs.org/@oxfmt/binding-linux-arm-gnueabihf/-/binding-linux-arm-gnueabihf-0.49.0.tgz",
      "integrity": "sha512-Rtv6UevV7czDlLqil+NZUe4d8gs8jQo/zScSpumwyf7I+fSdLc+hc8AF3MQC7ymxSMMD9+vfiqQlsIf7wOAzXA==",
      "cpu": [
        "arm"
      ],
      "dev": true,
      "license": "MIT",
      "optional": true,
      "os": [
        "linux"
      ],
      "engines": {
        "node": "^20.19.0 || >=22.12.0"
      }
    },
    "node_modules/@oxfmt/binding-linux-arm-musleabihf": {
      "version": "0.49.0",
      "resolved": "https://registry.npmjs.org/@oxfmt/binding-linux-arm-musleabihf/-/binding-linux-arm-musleabihf-0.49.0.tgz",
      "integrity": "sha512-sBi+8C/Q/MdKa5FL8ibAUCdhFBGFH7HFN/Qoyd5xQbZ/0ky3NMPpKfIBpaH0lhK2dXkGLczVQUoZ+xuNSerCdQ==",
      "cpu": [
        "arm"
      ],
      "dev": true,
      "license": "MIT",
      "optional": true,
      "os": [
        "linux"
      ],
      "engines": {
        "node": "^20.19.0 || >=22.12.0"
      }
    },
    "node_modules/@oxfmt/binding-linux-arm64-gnu": {
      "version": "0.49.0",
      "resolved": "https://registry.npmjs.org/@oxfmt/binding-linux-arm64-gnu/-/binding-linux-arm64-gnu-0.49.0.tgz",
      "integrity": "sha512-JIfWenFhlzx+O8YygyZhoHFzTsdgDhxhbDRnE2iJLnnM5pWKScFvPECO2vOlA7JqJ/9S1g3uzEKuRCkHFwTjvA==",
      "cpu": [
        "arm64"
      ],
      "dev": true,
      "license": "MIT",
      "optional": true,
      "os": [
        "linux"
      ],
      "engines": {
        "node": "^20.19.0 || >=22.12.0"
      }
    },
    "node_modules/@oxfmt/binding-linux-arm64-musl": {
      "version": "0.49.0",
      "resolved": "https://registry.npmjs.org/@oxfmt/binding-linux-arm64-musl/-/binding-linux-arm64-musl-0.49.0.tgz",
      "integrity": "sha512-iNzkMPG18jPkwBOZ4/HEjwqfzAjq4RrUQ0CgId/fC1ENvYD5jLVAaU/gWgpiqP1ys07kxSsSggDd1fp3E7mQHw==",
      "cpu": [
        "arm64"
      ],
      "dev": true,
      "license": "MIT",
      "optional": true,
      "os": [
        "linux"
      ],
      "engines": {
        "node": "^20.19.0 || >=22.12.0"
      }
    },
    "node_modules/@oxfmt/binding-linux-ppc64-gnu": {
      "version": "0.49.0",
      "resolved": "https://registry.npmjs.org/@oxfmt/binding-linux-ppc64-gnu/-/binding-linux-ppc64-gnu-0.49.0.tgz",
      "integrity": "sha512-BPHA/NN3LvoIXiid+iz3BHt5V0Rzx0tXAqRUovwE1NsbDaLG9e8mtv7evDGRIkVQacqTDBv0XL25THHsxSJosQ==",
      "cpu": [
        "ppc64"
      ],
      "dev": true,
      "license": "MIT",
      "optional": true,
      "os": [
        "linux"
      ],
      "engines": {
        "node": "^20.19.0 || >=22.12.0"
      }
    },
    "node_modules/@oxfmt/binding-linux-riscv64-gnu": {
      "version": "0.49.0",
      "resolved": "https://registry.npmjs.org/@oxfmt/binding-linux-riscv64-gnu/-/binding-linux-riscv64-gnu-0.49.0.tgz",
      "integrity": "sha512-3Eroshe+s69htC9JIL0+zLGQczLtRKezkMhwqQC21VC5Z/fuLvzLfbAOLgJLUq601H8gDYjy7deYycfOBjCvWg==",
      "cpu": [
        "riscv64"
      ],
      "dev": true,
      "license": "MIT",
      "optional": true,
      "os": [
        "linux"
      ],
      "engines": {
        "node": "^20.19.0 || >=22.12.0"
      }
    },
    "node_modules/@oxfmt/binding-linux-riscv64-musl": {
      "version": "0.49.0",
      "resolved": "https://registry.npmjs.org/@oxfmt/binding-linux-riscv64-musl/-/binding-linux-riscv64-musl-0.49.0.tgz",
      "integrity": "sha512-fnaERGgsxGm0lKAmO72EYR4BA3qBnzBTJBTi6EtUMq1D4R7EexRBMU4voXnx4TXla3SEDl9x4uNp/18SbkPjGg==",
      "cpu": [
        "riscv64"
      ],
      "dev": true,
      "license": "MIT",
      "optional": true,
      "os": [
        "linux"
      ],
      "engines": {
        "node": "^20.19.0 || >=22.12.0"
      }
    },
    "node_modules/@oxfmt/binding-linux-s390x-gnu": {
      "version": "0.49.0",
      "resolved": "https://registry.npmjs.org/@oxfmt/binding-linux-s390x-gnu/-/binding-linux-s390x-gnu-0.49.0.tgz",
      "integrity": "sha512-rBwasMl1Uul1MCCeTGEFKnOTL7VUxHf+634jWStrQAbzpBJgd5Yz5m4F7exVCsoI8PHn57dNjssXagXLCLB5yA==",
      "cpu": [
        "s390x"
      ],
      "dev": true,
      "license": "MIT",
      "optional": true,
      "os": [
        "linux"
      ],
      "engines": {
        "node": "^20.19.0 || >=22.12.0"
      }
    },
    "node_modules/@oxfmt/binding-linux-x64-gnu": {
      "version": "0.49.0",
      "resolved": "https://registry.npmjs.org/@oxfmt/binding-linux-x64-gnu/-/binding-linux-x64-gnu-0.49.0.tgz",
      "integrity": "sha512-BoC/F9xHe2y/deuBGA5Aw7bes07OD2gcL2wlpzTrfImR92vPP7S/k3LBTyspQZCNIVNdagkELcqKELwMLGIfAg==",
      "cpu": [
        "x64"
      ],
      "dev": true,
      "license": "MIT",
      "optional": true,
      "os": [
        "linux"
      ],
      "engines": {
        "node": "^20.19.0 || >=22.12.0"
      }
    },
    "node_modules/@oxfmt/binding-linux-x64-musl": {
      "version": "0.49.0",
      "resolved": "https://registry.npmjs.org/@oxfmt/binding-linux-x64-musl/-/binding-linux-x64-musl-0.49.0.tgz",
      "integrity": "sha512-umY6jFADAo/oztFKl8D/S6vSrG6oBpEskcentiRuz42kZVU2kfDXMWCYavxyZR2bwPjqkHpcHZ6EZFiH3Qj9ZA==",
      "cpu": [
        "x64"
      ],
      "dev": true,
      "license": "MIT",
      "optional": true,
      "os": [
        "linux"
      ],
      "engines": {
        "node": "^20.19.0 || >=22.12.0"
      }
    },
    "node_modules/@oxfmt/binding-openharmony-arm64": {
      "version": "0.49.0",
      "resolved": "https://registry.npmjs.org/@oxfmt/binding-openharmony-arm64/-/binding-openharmony-arm64-0.49.0.tgz",
      "integrity": "sha512-J85zQMiw2pXiGPK+OusmDvSnJ/dgpgN7VgmB2zOBtgS8F+nsOUfSg9ZEBrwbQscjZ7tkPbm38CG4VF5f53MsiA==",
      "cpu": [
        "arm64"
      ],
      "dev": true,
      "license": "MIT",
      "optional": true,
      "os": [
        "openharmony"
      ],
      "engines": {
        "node": "^20.19.0 || >=22.12.0"
      }
    },
    "node_modules/@oxfmt/binding-win32-arm64-msvc": {
      "version": "0.49.0",
      "resolved": "https://registry.npmjs.org/@oxfmt/binding-win32-arm64-msvc/-/binding-win32-arm64-msvc-0.49.0.tgz",
      "integrity": "sha512-38K67XR++CoFFORDd4sMFwUVAnD6msYBdGTei+qvKGrRPO6S2PbrYPNL/eQQ1RgnnxOegNba0YQwg6uRkNcw6A==",
      "cpu": [
        "arm64"
      ],
      "dev": true,
      "license": "MIT",
      "optional": true,
      "os": [
        "win32"
      ],
      "engines": {
        "node": "^20.19.0 || >=22.12.0"
      }
    },
    "node_modules/@oxfmt/binding-win32-ia32-msvc": {
      "version": "0.49.0",
      "resolved": "https://registry.npmjs.org/@oxfmt/binding-win32-ia32-msvc/-/binding-win32-ia32-msvc-0.49.0.tgz",
      "integrity": "sha512-rXVe0HICwQF0dBgbQtBCoYf8x/SidPIdhyQl+iPuJlV7suV+qDv7yUEB3wQ4qC3nOeNxz287SwFXKzyr0kWgEg==",
      "cpu": [
        "ia32"
      ],
      "dev": true,
      "license": "MIT",
      "optional": true,
      "os": [
        "win32"
      ],
      "engines": {
        "node": "^20.19.0 || >=22.12.0"
      }
    },
    "node_modules/@oxfmt/binding-win32-x64-msvc": {
      "version": "0.49.0",
      "resolved": "https://registry.npmjs.org/@oxfmt/binding-win32-x64-msvc/-/binding-win32-x64-msvc-0.49.0.tgz",
      "integrity": "sha512-gwWLwSEmBBfIK/Wh7GGd658161o4RKAvHWRaRQbJm571iQXGKfyr7UKsI1vsWvDlNLc30CxJDc8mMmCvJ/kczQ==",
      "cpu": [
        "x64"
      ],
      "dev": true,
      "license": "MIT",
      "optional": true,
      "os": [
        "win32"
      ],
      "engines": {
        "node": "^20.19.0 || >=22.12.0"
      }
    },
    "node_modules/@oxlint-tsgolint/darwin-arm64": {
      "version": "0.22.1",
      "resolved": "https://registry.npmjs.org/@oxlint-tsgolint/darwin-arm64/-/darwin-arm64-0.22.1.tgz",
      "integrity": "sha512-4150Lpgc1YM09GcjA6GSrra1JoPjC7aOpfywLjWEY4vW0Sd1qKzqHF1WRaiw0/qUZ40OATYdv3aRd7ipPkWQbw==",
      "cpu": [
        "arm64"
      ],
      "dev": true,
      "license": "MIT",
      "optional": true,
      "os": [
        "darwin"
      ]
    },
    "node_modules/@oxlint-tsgolint/darwin-x64": {
      "version": "0.22.1",
      "resolved": "https://registry.npmjs.org/@oxlint-tsgolint/darwin-x64/-/darwin-x64-0.22.1.tgz",
      "integrity": "sha512-vFWcPWYOgZs4HWcgS1EjUZg33NLcNfEYU49KGImmCfZWkflENrmBYV4HN/C0YeAPum6ZZ/goPSvQrB/cOD+NfA==",
      "cpu": [
        "x64"
      ],
      "dev": true,
      "license": "MIT",
      "optional": true,
      "os": [
        "darwin"
      ]
    },
    "node_modules/@oxlint-tsgolint/linux-arm64": {
      "version": "0.22.1",
      "resolved": "https://registry.npmjs.org/@oxlint-tsgolint/linux-arm64/-/linux-arm64-0.22.1.tgz",
      "integrity": "sha512-6LiUpP0Zir3+29FvBm7Y28q/dBjSHqTZ5MhG1Ckw4fGhI4cAvbcwXaKvbjx1TP7rRmBNOoq/M5xdpHjTb+GAew==",
      "cpu": [
        "arm64"
      ],
      "dev": true,
      "license": "MIT",
      "optional": true,
      "os": [
        "linux"
      ]
    },
    "node_modules/@oxlint-tsgolint/linux-x64": {
      "version": "0.22.1",
      "resolved": "https://registry.npmjs.org/@oxlint-tsgolint/linux-x64/-/linux-x64-0.22.1.tgz",
      "integrity": "sha512-fuX1hEQfpHauUbXADsfqVhRzrUrGabzGXbj5wsp2vKhV5uk/Rze8Mba9GdjFGECzvXudMGqHqxB4r6jGRdhxVA==",
      "cpu": [
        "x64"
      ],
      "dev": true,
      "license": "MIT",
      "optional": true,
      "os": [
        "linux"
      ]
    },
    "node_modules/@oxlint-tsgolint/win32-arm64": {
      "version": "0.22.1",
      "resolved": "https://registry.npmjs.org/@oxlint-tsgolint/win32-arm64/-/win32-arm64-0.22.1.tgz",
      "integrity": "sha512-8SZidAj+jrbZf9ZjBEYW0tiNZ+KasqB2zgW26qdiPpQSF/DzURnPmXz651IeA9YsmbVdHGIooEHUmev6QJdquA==",
      "cpu": [
        "arm64"
      ],
      "dev": true,
      "license": "MIT",
      "optional": true,
      "os": [
        "win32"
      ]
    },
    "node_modules/@oxlint-tsgolint/win32-x64": {
      "version": "0.22.1",
      "resolved": "https://registry.npmjs.org/@oxlint-tsgolint/win32-x64/-/win32-x64-0.22.1.tgz",
      "integrity": "sha512-QweSk9H5lFh5Y+WUf2Kq/OAN88V6+62ZwGhP38gqdRotI90luXSMkruFTj7Q2rYrzH4ZVNaSqx7NY8JpSfIzqg==",
      "cpu": [
        "x64"
      ],
      "dev": true,
      "license": "MIT",
      "optional": true,
      "os": [
        "win32"
      ]
    },
    "node_modules/@oxlint/binding-android-arm-eabi": {
      "version": "1.64.0",
      "resolved": "https://registry.npmjs.org/@oxlint/binding-android-arm-eabi/-/binding-android-arm-eabi-1.64.0.tgz",
      "integrity": "sha512-2r6Nq3XXGLHEXKkSj8JtmJ6N4gDw431DPFOg0ZoJHlNjnG6HVMm/ksQ10m0HJ8WBvwgMe1L50UHPaYZutCRPCw==",
      "cpu": [
        "arm"
      ],
      "dev": true,
      "license": "MIT",
      "optional": true,
      "os": [
        "android"
      ],
      "engines": {
        "node": "^20.19.0 || >=22.12.0"
      }
    },
    "node_modules/@oxlint/binding-android-arm64": {
      "version": "1.64.0",
      "resolved": "https://registry.npmjs.org/@oxlint/binding-android-arm64/-/binding-android-arm64-1.64.0.tgz",
      "integrity": "sha512-ePJMpePgg7fBv+L/hVx1xXRU5/5gd5m0obLA6hPEfLXF3GjpR8idIDbY1dhQYhyz1ms2wdTccSboo6KEd2Oxtg==",
      "cpu": [
        "arm64"
      ],
      "dev": true,
      "license": "MIT",
      "optional": true,
      "os": [
        "android"
      ],
      "engines": {
        "node": "^20.19.0 || >=22.12.0"
      }
    },
    "node_modules/@oxlint/binding-darwin-arm64": {
      "version": "1.64.0",
      "resolved": "https://registry.npmjs.org/@oxlint/binding-darwin-arm64/-/binding-darwin-arm64-1.64.0.tgz",
      "integrity": "sha512-U4DMLQd10gJLuoSTLSGbfv3bGjTlUNsScm9Dgb8wwBqmCzidf1pE1pXV4doGNxqwH3KtVng1AGTINA0NvkGLvQ==",
      "cpu": [
        "arm64"
      ],
      "dev": true,
      "license": "MIT",
      "optional": true,
      "os": [
        "darwin"
      ],
      "engines": {
        "node": "^20.19.0 || >=22.12.0"
      }
    },
    "node_modules/@oxlint/binding-darwin-x64": {
      "version": "1.64.0",
      "resolved": "https://registry.npmjs.org/@oxlint/binding-darwin-x64/-/binding-darwin-x64-1.64.0.tgz",
      "integrity": "sha512-GoRIL48QWm4/TAvjN8pB1nAG+1/uqc9EdnWT9zqHeb6wsmjZtywj8VRe5aGW47Fdb64YtLOsdLqVxOvQuz98Wg==",
      "cpu": [
        "x64"
      ],
      "dev": true,
      "license": "MIT",
      "optional": true,
      "os": [
        "darwin"
      ],
      "engines": {
        "node": "^20.19.0 || >=22.12.0"
      }
    },
    "node_modules/@oxlint/binding-freebsd-x64": {
      "version": "1.64.0",
      "resolved": "https://registry.npmjs.org/@oxlint/binding-freebsd-x64/-/binding-freebsd-x64-1.64.0.tgz",
      "integrity": "sha512-5dFkv4tkg7PxJJGS9/OjrJwjhuHczrd3OQOkRE0wHcLM+ncUnULtzEPWjqGOxTXxZnLWcB91bGiIznx89TVXyQ==",
      "cpu": [
        "x64"
      ],
      "dev": true,
      "license": "MIT",
      "optional": true,
      "os": [
        "freebsd"
      ],
      "engines": {
        "node": "^20.19.0 || >=22.12.0"
      }
    },
    "node_modules/@oxlint/binding-linux-arm-gnueabihf": {
      "version": "1.64.0",
      "resolved": "https://registry.npmjs.org/@oxlint/binding-linux-arm-gnueabihf/-/binding-linux-arm-gnueabihf-1.64.0.tgz",
      "integrity": "sha512-jsBqMLl/uOL5+Kq/+BtK9FrmiNGUbx8SiyZXv+WlUxA45KuwcLu9BfiSIL3I3DBDgWM3yZizDITnTK9BcqNBQg==",
      "cpu": [
        "arm"
      ],
      "dev": true,
      "license": "MIT",
      "optional": true,
      "os": [
        "linux"
      ],
      "engines": {
        "node": "^20.19.0 || >=22.12.0"
      }
    },
    "node_modules/@oxlint/binding-linux-arm-musleabihf": {
      "version": "1.64.0",
      "resolved": "https://registry.npmjs.org/@oxlint/binding-linux-arm-musleabihf/-/binding-linux-arm-musleabihf-1.64.0.tgz",
      "integrity": "sha512-1lrj8At/Uuc9GhjrVFBQo0NEjfBrTkzpmtHIGAhNnIXqn1CAyGL+qrztUsXb2GIluJrpl9Q7qRLJOb/NqydacQ==",
      "cpu": [
        "arm"
      ],
      "dev": true,
      "license": "MIT",
      "optional": true,
      "os": [
        "linux"
      ],
      "engines": {
        "node": "^20.19.0 || >=22.12.0"
      }
    },
    "node_modules/@oxlint/binding-linux-arm64-gnu": {
      "version": "1.64.0",
      "resolved": "https://registry.npmjs.org/@oxlint/binding-linux-arm64-gnu/-/binding-linux-arm64-gnu-1.64.0.tgz",
      "integrity": "sha512-HpSQbubwh03mMhAdy2BYtad/fsY8vDFHDAb6bUwuCYg2VD3xCQgn6ArKcO0oZyLCheacKTv4PrF3Mfu5hgoE2g==",
      "cpu": [
        "arm64"
      ],
      "dev": true,
      "license": "MIT",
      "optional": true,
      "os": [
        "linux"
      ],
      "engines": {
        "node": "^20.19.0 || >=22.12.0"
      }
    },
    "node_modules/@oxlint/binding-linux-arm64-musl": {
      "version": "1.64.0",
      "resolved": "https://registry.npmjs.org/@oxlint/binding-linux-arm64-musl/-/binding-linux-arm64-musl-1.64.0.tgz",
      "integrity": "sha512-00QQ0h0Y7u0G69BgiH3+ky2aaq/QvkDL6DYok8htIuJHxybiux5aQ8jwmg8qIk9wha6UagUP2BAwAzbemcJbpg==",
      "cpu": [
        "arm64"
      ],
      "dev": true,
      "license": "MIT",
      "optional": true,
      "os": [
        "linux"
      ],
      "engines": {
        "node": "^20.19.0 || >=22.12.0"
      }
    },
    "node_modules/@oxlint/binding-linux-ppc64-gnu": {
      "version": "1.64.0",
      "resolved": "https://registry.npmjs.org/@oxlint/binding-linux-ppc64-gnu/-/binding-linux-ppc64-gnu-1.64.0.tgz",
      "integrity": "sha512-2GaimTV6EMW+s5HS0An3oGbQme3BgHswvfVdGk3EB57Xe9+/gyT+Qd7lNVzb3rtir52vbIPzXfaYArzs5b5zcw==",
      "cpu": [
        "ppc64"
      ],
      "dev": true,
      "license": "MIT",
      "optional": true,
      "os": [
        "linux"
      ],
      "engines": {
        "node": "^20.19.0 || >=22.12.0"
      }
    },
    "node_modules/@oxlint/binding-linux-riscv64-gnu": {
      "version": "1.64.0",
      "resolved": "https://registry.npmjs.org/@oxlint/binding-linux-riscv64-gnu/-/binding-linux-riscv64-gnu-1.64.0.tgz",
      "integrity": "sha512-H46AtFb9wypjoVwGdlxrm0DsD809NGmtiK9HiyPKTxkSte2YjhC4S+00rOIrwCaxcyPiGid3Y3OMXp5KMAkGZw==",
      "cpu": [
        "riscv64"
      ],
      "dev": true,
      "license": "MIT",
      "optional": true,
      "os": [
        "linux"
      ],
      "engines": {
        "node": "^20.19.0 || >=22.12.0"
      }
    },
    "node_modules/@oxlint/binding-linux-riscv64-musl": {
      "version": "1.64.0",
      "resolved": "https://registry.npmjs.org/@oxlint/binding-linux-riscv64-musl/-/binding-linux-riscv64-musl-1.64.0.tgz",
      "integrity": "sha512-HEgsidjjvvyzdg82icYkuFCf7REDV7B9JFwbIMbVwrKLBY0MrXX+bku3POn/hduZ2yW91IyVDUMq0Bf02KwXQw==",
      "cpu": [
        "riscv64"
      ],
      "dev": true,
      "license": "MIT",
      "optional": true,
      "os": [
        "linux"
      ],
      "engines": {
        "node": "^20.19.0 || >=22.12.0"
      }
    },
    "node_modules/@oxlint/binding-linux-s390x-gnu": {
      "version": "1.64.0",
      "resolved": "https://registry.npmjs.org/@oxlint/binding-linux-s390x-gnu/-/binding-linux-s390x-gnu-1.64.0.tgz",
      "integrity": "sha512-Axvm8qryotmKN00P5w4JapaSjvP2LOSbdbBJiX+2SuHd3QzhW7TUc8skqgw+ahQZ5DmzEYeHCqauvW8f32Ns6Q==",
      "cpu": [
        "s390x"
      ],
      "dev": true,
      "license": "MIT",
      "optional": true,
      "os": [
        "linux"
      ],
      "engines": {
        "node": "^20.19.0 || >=22.12.0"
      }
    },
    "node_modules/@oxlint/binding-linux-x64-gnu": {
      "version": "1.64.0",
      "resolved": "https://registry.npmjs.org/@oxlint/binding-linux-x64-gnu/-/binding-linux-x64-gnu-1.64.0.tgz",
      "integrity": "sha512-cR60vSd7+m+KRZ3GQGfDxWwahW5RMXg0qlGvAluZr0fTUYvw0H9N9AXAF/M/PMqgytyqvVNmBAkJG9l7U30Y1g==",
      "cpu": [
        "x64"
      ],
      "dev": true,
      "license": "MIT",
      "optional": true,
      "os": [
        "linux"
      ],
      "engines": {
        "node": "^20.19.0 || >=22.12.0"
      }
    },
    "node_modules/@oxlint/binding-linux-x64-musl": {
      "version": "1.64.0",
      "resolved": "https://registry.npmjs.org/@oxlint/binding-linux-x64-musl/-/binding-linux-x64-musl-1.64.0.tgz",
      "integrity": "sha512-2u/aPZ9pEg7HnvZPDsHxUGNnrpr4qaHi+mCgLgpt+LYRzPrS4Px4wPfkIdRdr2GvKnaYyt+XSlto0Vm5sbStTg==",
      "cpu": [
        "x64"
      ],
      "dev": true,
      "license": "MIT",
      "optional": true,
      "os": [
        "linux"
      ],
      "engines": {
        "node": "^20.19.0 || >=22.12.0"
      }
    },
    "node_modules/@oxlint/binding-openharmony-arm64": {
      "version": "1.64.0",
      "resolved": "https://registry.npmjs.org/@oxlint/binding-openharmony-arm64/-/binding-openharmony-arm64-1.64.0.tgz",
      "integrity": "sha512-kfhkGfCdoXLSxEkrhDlJrvBYajGmq+ma4EMc53dsOWTq+rIBOlI0vTBmpZNnM5oH2LY/K/w1HAK+UQEgjgpVUg==",
      "cpu": [
        "arm64"
      ],
      "dev": true,
      "license": "MIT",
      "optional": true,
      "os": [
        "openharmony"
      ],
      "engines": {
        "node": "^20.19.0 || >=22.12.0"
      }
    },
    "node_modules/@oxlint/binding-win32-arm64-msvc": {
      "version": "1.64.0",
      "resolved": "https://registry.npmjs.org/@oxlint/binding-win32-arm64-msvc/-/binding-win32-arm64-msvc-1.64.0.tgz",
      "integrity": "sha512-r/cNKBFieONoVu2bb1KkVouq9W+edDUgHumXJGphCRRj+U0xaD4nanrw8ZOqo0IsutPkEM4vCcGBpak6x5aXMg==",
      "cpu": [
        "arm64"
      ],
      "dev": true,
      "license": "MIT",
      "optional": true,
      "os": [
        "win32"
      ],
      "engines": {
        "node": "^20.19.0 || >=22.12.0"
      }
    },
    "node_modules/@oxlint/binding-win32-ia32-msvc": {
      "version": "1.64.0",
      "resolved": "https://registry.npmjs.org/@oxlint/binding-win32-ia32-msvc/-/binding-win32-ia32-msvc-1.64.0.tgz",
      "integrity": "sha512-tUw0xUUwEFVZbpJoeCblkv8SJA4Xz3CdXCJbAnBsiNLyxDrk2tLcxEAS6M73Q7hHHDg3OtwI8vZVK3t5RJt4Gw==",
      "cpu": [
        "ia32"
      ],
      "dev": true,
      "license": "MIT",
      "optional": true,
      "os": [
        "win32"
      ],
      "engines": {
        "node": "^20.19.0 || >=22.12.0"
      }
    },
    "node_modules/@oxlint/binding-win32-x64-msvc": {
      "version": "1.64.0",
      "resolved": "https://registry.npmjs.org/@oxlint/binding-win32-x64-msvc/-/binding-win32-x64-msvc-1.64.0.tgz",
      "integrity": "sha512-9CBR+LO0JVST87fNTzzNxS5I29jIUO5gxT9i9+M3SDHHALElj9sY1Prf12tad3vIRC6OD7Ehtvvh+sn13vSwHw==",
      "cpu": [
        "x64"
      ],
      "dev": true,
      "license": "MIT",
      "optional": true,
      "os": [
        "win32"
      ],
      "engines": {
        "node": "^20.19.0 || >=22.12.0"
      }
    },
    "node_modules/@types/node": {
      "version": "24.12.3",
      "resolved": "https://registry.npmjs.org/@types/node/-/node-24.12.3.tgz",
      "integrity": "sha512-8oljBDGun9cIsZRJR6fkihn0TSXJI0UDOOhncYaERq6M0JMDoPLxyscwruJcb4GKS6dvK/d8xebYBg27h/duaQ==",
      "dev": true,
      "license": "MIT",
      "dependencies": {
        "undici-types": "~7.16.0"
      }
    },
    "node_modules/@typescript/native-preview": {
      "version": "7.0.0-dev.20260509.2",
      "resolved": "https://registry.npmjs.org/@typescript/native-preview/-/native-preview-7.0.0-dev.20260509.2.tgz",
      "integrity": "sha512-JAJpEX0yBaEle2zzbX5z9QAhmEfML1SyQafLwbKCdcOtnkGdk5xD8NKIVxq+nTwYjRwuV7kKnQ+fqU3gpWY0qQ==",
      "dev": true,
      "license": "Apache-2.0",
      "bin": {
        "tsgo": "bin/tsgo.js"
      },
      "engines": {
        "node": ">=16.20.0"
      },
      "optionalDependencies": {
        "@typescript/native-preview-darwin-arm64": "7.0.0-dev.20260509.2",
        "@typescript/native-preview-darwin-x64": "7.0.0-dev.20260509.2",
        "@typescript/native-preview-linux-arm": "7.0.0-dev.20260509.2",
        "@typescript/native-preview-linux-arm64": "7.0.0-dev.20260509.2",
        "@typescript/native-preview-linux-x64": "7.0.0-dev.20260509.2",
        "@typescript/native-preview-win32-arm64": "7.0.0-dev.20260509.2",
        "@typescript/native-preview-win32-x64": "7.0.0-dev.20260509.2"
      }
    },
    "node_modules/@typescript/native-preview-darwin-arm64": {
      "version": "7.0.0-dev.20260509.2",
      "resolved": "https://registry.npmjs.org/@typescript/native-preview-darwin-arm64/-/native-preview-darwin-arm64-7.0.0-dev.20260509.2.tgz",
      "integrity": "sha512-oG9KahiCpx4q70Ood/rRJhYio4oIMHEHfX0g0LhfenlSIjIonitZWjUmUVG9N9q1ev9QWcM8pWpDrGGP0Osp3Q==",
      "cpu": [
        "arm64"
      ],
      "dev": true,
      "license": "Apache-2.0",
      "optional": true,
      "os": [
        "darwin"
      ],
      "engines": {
        "node": ">=16.20.0"
      }
    },
    "node_modules/@typescript/native-preview-darwin-x64": {
      "version": "7.0.0-dev.20260509.2",
      "resolved": "https://registry.npmjs.org/@typescript/native-preview-darwin-x64/-/native-preview-darwin-x64-7.0.0-dev.20260509.2.tgz",
      "integrity": "sha512-xdEkp23Gu8I7PJCMmSMYtSLX76NKODWj74AoWFPi6MM59ICsjnTSqZf/HmXKSvuNZ5MGb4CMpP3c40dLjGB2PQ==",
      "cpu": [
        "x64"
      ],
      "dev": true,
      "license": "Apache-2.0",
      "optional": true,
      "os": [
        "darwin"
      ],
      "engines": {
        "node": ">=16.20.0"
      }
    },
    "node_modules/@typescript/native-preview-linux-arm": {
      "version": "7.0.0-dev.20260509.2",
      "resolved": "https://registry.npmjs.org/@typescript/native-preview-linux-arm/-/native-preview-linux-arm-7.0.0-dev.20260509.2.tgz",
      "integrity": "sha512-ar5HN/V/4HLF4FZCoVVFj+ET1Soi758hb4WhhzYQfSUXQ/bpVGUGP86JAy8EhVMoeN6qxqWet93MkLSszJOIVg==",
      "cpu": [
        "arm"
      ],
      "dev": true,
      "license": "Apache-2.0",
      "optional": true,
      "os": [
        "linux"
      ],
      "engines": {
        "node": ">=16.20.0"
      }
    },
    "node_modules/@typescript/native-preview-linux-arm64": {
      "version": "7.0.0-dev.20260509.2",
      "resolved": "https://registry.npmjs.org/@typescript/native-preview-linux-arm64/-/native-preview-linux-arm64-7.0.0-dev.20260509.2.tgz",
      "integrity": "sha512-rd+bMRtUAFBClOAKi9p2rOu6jPmnrjZVljoFyxHw+6bIRLerEQlxP+nIH1olC3HOZPyZ6/x75WtfzTHYeqffiQ==",
      "cpu": [
        "arm64"
      ],
      "dev": true,
      "license": "Apache-2.0",
      "optional": true,
      "os": [
        "linux"
      ],
      "engines": {
        "node": ">=16.20.0"
      }
    },
    "node_modules/@typescript/native-preview-linux-x64": {
      "version": "7.0.0-dev.20260509.2",
      "resolved": "https://registry.npmjs.org/@typescript/native-preview-linux-x64/-/native-preview-linux-x64-7.0.0-dev.20260509.2.tgz",
      "integrity": "sha512-lB26mGzdolYIZiOdBII8roVJCxCUR8zkYszvvHyjB1IPs7d5fmOhT6OzI1zYPYujiSRJi4HVYM1iXTcIfp7KDg==",
      "cpu": [
        "x64"
      ],
      "dev": true,
      "license": "Apache-2.0",
      "optional": true,
      "os": [
        "linux"
      ],
      "engines": {
        "node": ">=16.20.0"
      }
    },
    "node_modules/@typescript/native-preview-win32-arm64": {
      "version": "7.0.0-dev.20260509.2",
      "resolved": "https://registry.npmjs.org/@typescript/native-preview-win32-arm64/-/native-preview-win32-arm64-7.0.0-dev.20260509.2.tgz",
      "integrity": "sha512-gH3UmtyxHiRNEP0LgQXCVlB5+ZN/U+/Z7jM/zULQtTOxIIFK3Y4b8gbGLvP7uW3u2cqYOg2hc2nuN8OdsCmOig==",
      "cpu": [
        "arm64"
      ],
      "dev": true,
      "license": "Apache-2.0",
      "optional": true,
      "os": [
        "win32"
      ],
      "engines": {
        "node": ">=16.20.0"
      }
    },
    "node_modules/@typescript/native-preview-win32-x64": {
      "version": "7.0.0-dev.20260509.2",
      "resolved": "https://registry.npmjs.org/@typescript/native-preview-win32-x64/-/native-preview-win32-x64-7.0.0-dev.20260509.2.tgz",
      "integrity": "sha512-kZV0Vh64hp10saOghPlFZE1qahonqvRgU3iubt8pUY4XLe8IQIofwWCN5vzNNeULE4W4mRtAJbHuvP/muOFomw==",
      "cpu": [
        "x64"
      ],
      "dev": true,
      "license": "Apache-2.0",
      "optional": true,
      "os": [
        "win32"
      ],
      "engines": {
        "node": ">=16.20.0"
      }
    },
    "node_modules/oxfmt": {
      "version": "0.49.0",
      "resolved": "https://registry.npmjs.org/oxfmt/-/oxfmt-0.49.0.tgz",
      "integrity": "sha512-IAHFMdlJSWe+oAr65dx22UvjCtV9DBMisAuLnKpDqMQrctzCkGnj3QRwNHm0d+uwSWPalsDF8ZYLz9rh6nH2IQ==",
      "dev": true,
      "license": "MIT",
      "dependencies": {
        "tinypool": "2.1.0"
      },
      "bin": {
        "oxfmt": "bin/oxfmt"
      },
      "engines": {
        "node": "^20.19.0 || >=22.12.0"
      },
      "funding": {
        "url": "https://github.com/sponsors/Boshen"
      },
      "optionalDependencies": {
        "@oxfmt/binding-android-arm-eabi": "0.49.0",
        "@oxfmt/binding-android-arm64": "0.49.0",
        "@oxfmt/binding-darwin-arm64": "0.49.0",
        "@oxfmt/binding-darwin-x64": "0.49.0",
        "@oxfmt/binding-freebsd-x64": "0.49.0",
        "@oxfmt/binding-linux-arm-gnueabihf": "0.49.0",
        "@oxfmt/binding-linux-arm-musleabihf": "0.49.0",
        "@oxfmt/binding-linux-arm64-gnu": "0.49.0",
        "@oxfmt/binding-linux-arm64-musl": "0.49.0",
        "@oxfmt/binding-linux-ppc64-gnu": "0.49.0",
        "@oxfmt/binding-linux-riscv64-gnu": "0.49.0",
        "@oxfmt/binding-linux-riscv64-musl": "0.49.0",
        "@oxfmt/binding-linux-s390x-gnu": "0.49.0",
        "@oxfmt/binding-linux-x64-gnu": "0.49.0",
        "@oxfmt/binding-linux-x64-musl": "0.49.0",
        "@oxfmt/binding-openharmony-arm64": "0.49.0",
        "@oxfmt/binding-win32-arm64-msvc": "0.49.0",
        "@oxfmt/binding-win32-ia32-msvc": "0.49.0",
        "@oxfmt/binding-win32-x64-msvc": "0.49.0"
      },
      "peerDependencies": {
        "svelte": "^5.0.0"
      },
      "peerDependenciesMeta": {
        "svelte": {
          "optional": true
        }
      }
    },
    "node_modules/oxlint": {
      "version": "1.64.0",
      "resolved": "https://registry.npmjs.org/oxlint/-/oxlint-1.64.0.tgz",
      "integrity": "sha512-Star3SNpWPeWFPw7kRXIhXUSn6fdiAl25q15CQzH/9WaOtG6e9CWTc25vNZOCr4PE1yEP1GtKJKIKglhj3OmEQ==",
      "dev": true,
      "license": "MIT",
      "bin": {
        "oxlint": "bin/oxlint"
      },
      "engines": {
        "node": "^20.19.0 || >=22.12.0"
      },
      "funding": {
        "url": "https://github.com/sponsors/Boshen"
      },
      "optionalDependencies": {
        "@oxlint/binding-android-arm-eabi": "1.64.0",
        "@oxlint/binding-android-arm64": "1.64.0",
        "@oxlint/binding-darwin-arm64": "1.64.0",
        "@oxlint/binding-darwin-x64": "1.64.0",
        "@oxlint/binding-freebsd-x64": "1.64.0",
        "@oxlint/binding-linux-arm-gnueabihf": "1.64.0",
        "@oxlint/binding-linux-arm-musleabihf": "1.64.0",
        "@oxlint/binding-linux-arm64-gnu": "1.64.0",
        "@oxlint/binding-linux-arm64-musl": "1.64.0",
        "@oxlint/binding-linux-ppc64-gnu": "1.64.0",
        "@oxlint/binding-linux-riscv64-gnu": "1.64.0",
        "@oxlint/binding-linux-riscv64-musl": "1.64.0",
        "@oxlint/binding-linux-s390x-gnu": "1.64.0",
        "@oxlint/binding-linux-x64-gnu": "1.64.0",
        "@oxlint/binding-linux-x64-musl": "1.64.0",
        "@oxlint/binding-openharmony-arm64": "1.64.0",
        "@oxlint/binding-win32-arm64-msvc": "1.64.0",
        "@oxlint/binding-win32-ia32-msvc": "1.64.0",
        "@oxlint/binding-win32-x64-msvc": "1.64.0"
      },
      "peerDependencies": {
        "oxlint-tsgolint": ">=0.22.1"
      },
      "peerDependenciesMeta": {
        "oxlint-tsgolint": {
          "optional": true
        }
      }
    },
    "node_modules/oxlint-tsgolint": {
      "version": "0.22.1",
      "resolved": "https://registry.npmjs.org/oxlint-tsgolint/-/oxlint-tsgolint-0.22.1.tgz",
      "integrity": "sha512-YUSGSLUnoolsu8gxISEDio3q1rtsCozwfOzASUn3DT2mR2EeQ93uEEnen7s+6LpF+lyTQFln1pQfqwBh/fsVEg==",
      "dev": true,
      "license": "MIT",
      "bin": {
        "tsgolint": "bin/tsgolint.js"
      },
      "optionalDependencies": {
        "@oxlint-tsgolint/darwin-arm64": "0.22.1",
        "@oxlint-tsgolint/darwin-x64": "0.22.1",
        "@oxlint-tsgolint/linux-arm64": "0.22.1",
        "@oxlint-tsgolint/linux-x64": "0.22.1",
        "@oxlint-tsgolint/win32-arm64": "0.22.1",
        "@oxlint-tsgolint/win32-x64": "0.22.1"
      }
    },
    "node_modules/tinypool": {
      "version": "2.1.0",
      "resolved": "https://registry.npmjs.org/tinypool/-/tinypool-2.1.0.tgz",
      "integrity": "sha512-Pugqs6M0m7Lv1I7FtxN4aoyToKg1C4tu+/381vH35y8oENM/Ai7f7C4StcoK4/+BSw9ebcS8jRiVrORFKCALLw==",
      "dev": true,
      "license": "MIT",
      "engines": {
        "node": "^20.0.0 || >=22.0.0"
      }
    },
    "node_modules/undici-types": {
      "version": "7.16.0",
      "resolved": "https://registry.npmjs.org/undici-types/-/undici-types-7.16.0.tgz",
      "integrity": "sha512-Zz+aZWSj8LE6zoxD+xrjh4VfkIG8Ya6LvYkZqtUQGJPZjYl53ypCaUwWqo7eI0x66KBGeRo+mlBEkMSeSZ38Nw==",
      "dev": true,
      "license": "MIT"
    }
  }
}
