{
  "name": "@walletpass/pass-js",
  "version": "7.2.1",
  "lockfileVersion": 3,
  "requires": true,
  "packages": {
    "": {
      "name": "@walletpass/pass-js",
      "version": "7.2.1",
      "license": "AGPL-3.0-or-later",
      "bin": {
        "passkit-keys": "bin/passkit-keys"
      },
      "devDependencies": {
        "@types/node": "^24.0.0",
        "@typescript/native-preview": "7.0.0-dev.20260509.2",
        "oxfmt": "^0.52.0",
        "oxlint": "^1.63.0",
        "oxlint-tsgolint": "^0.23.0"
      },
      "engines": {
        "node": ">=24.12.0"
      },
      "funding": {
        "type": "opencollective",
        "url": "https://opencollective.com/walletpass"
      }
    },
    "node_modules/@oxfmt/binding-android-arm-eabi": {
      "version": "0.52.0",
      "resolved": "https://registry.npmjs.org/@oxfmt/binding-android-arm-eabi/-/binding-android-arm-eabi-0.52.0.tgz",
      "integrity": "sha512-17EMSJnQ9g+upVHrAUYDMfH5lvRKQ9Nvg8WtEoH72oDr1VpWz+7/o3tD97U1EToen2YAQ/68JmtDYkQUi20dfQ==",
      "cpu": [
        "arm"
      ],
      "dev": true,
      "license": "MIT",
      "optional": true,
      "os": [
        "android"
      ],
      "engines": {
        "node": "^20.19.0 || >=22.12.0"
      }
    },
    "node_modules/@oxfmt/binding-android-arm64": {
      "version": "0.52.0",
      "resolved": "https://registry.npmjs.org/@oxfmt/binding-android-arm64/-/binding-android-arm64-0.52.0.tgz",
      "integrity": "sha512-A2G1IdwGEW2lLJkIxcvuirRH1CzSl/e0NX11zTlW1gvxJThfwbI/BEoaKrTNpm7M2FchvIf6guvIQU7d5iz+OQ==",
      "cpu": [
        "arm64"
      ],
      "dev": true,
      "license": "MIT",
      "optional": true,
      "os": [
        "android"
      ],
      "engines": {
        "node": "^20.19.0 || >=22.12.0"
      }
    },
    "node_modules/@oxfmt/binding-darwin-arm64": {
      "version": "0.52.0",
      "resolved": "https://registry.npmjs.org/@oxfmt/binding-darwin-arm64/-/binding-darwin-arm64-0.52.0.tgz",
      "integrity": "sha512-f9+bLvOYxy7NttCLFTvQ7afmqDOWY4wIP9xdvfj5trQ1qj6f2UFAGwZESlfsMjvJNTyRpXfIlOanCI9FOvoeQA==",
      "cpu": [
        "arm64"
      ],
      "dev": true,
      "license": "MIT",
      "optional": true,
      "os": [
        "darwin"
      ],
      "engines": {
        "node": "^20.19.0 || >=22.12.0"
      }
    },
    "node_modules/@oxfmt/binding-darwin-x64": {
      "version": "0.52.0",
      "resolved": "https://registry.npmjs.org/@oxfmt/binding-darwin-x64/-/binding-darwin-x64-0.52.0.tgz",
      "integrity": "sha512-YSTB9sJ5nnQd/Q0ddHkgof0ZCHPAnWZT1IW2SJ8omz7CP7KluJhO1fNHrpqdxCtpztJwSs4hY1uAee35wKxxaw==",
      "cpu": [
        "x64"
      ],
      "dev": true,
      "license": "MIT",
      "optional": true,
      "os": [
        "darwin"
      ],
      "engines": {
        "node": "^20.19.0 || >=22.12.0"
      }
    },
    "node_modules/@oxfmt/binding-freebsd-x64": {
      "version": "0.52.0",
      "resolved": "https://registry.npmjs.org/@oxfmt/binding-freebsd-x64/-/binding-freebsd-x64-0.52.0.tgz",
      "integrity": "sha512-NIrRNTTPCs4UbmVs0bxLSCDlLCtIRMJIXklNKaXa5Oj2/K1UIMBvgE8+uPVo01Io3N9HF0+GAX+aAHjUgZS7vA==",
      "cpu": [
        "x64"
      ],
      "dev": true,
      "license": "MIT",
      "optional": true,
      "os": [
        "freebsd"
      ],
      "engines": {
        "node": "^20.19.0 || >=22.12.0"
      }
    },
    "node_modules/@oxfmt/binding-linux-arm-gnueabihf": {
      "version": "0.52.0",
      "resolved": "https://registry.npmjs.org/@oxfmt/binding-linux-arm-gnueabihf/-/binding-linux-arm-gnueabihf-0.52.0.tgz",
      "integrity": "sha512-JXUCde8mn3GpgQouz2PXUokgy/uT1QrRJBL2s983VWcSQp62wTFYiNXgTKdeo1Jgbr0IgUnKKvzIk/YBlj/nVQ==",
      "cpu": [
        "arm"
      ],
      "dev": true,
      "license": "MIT",
      "optional": true,
      "os": [
        "linux"
      ],
      "engines": {
        "node": "^20.19.0 || >=22.12.0"
      }
    },
    "node_modules/@oxfmt/binding-linux-arm-musleabihf": {
      "version": "0.52.0",
      "resolved": "https://registry.npmjs.org/@oxfmt/binding-linux-arm-musleabihf/-/binding-linux-arm-musleabihf-0.52.0.tgz",
      "integrity": "sha512-psbUXaRZ+V8DaXz10Qf7LSHtdtdKAmC8fxXgeU608jjzrmWK4quamZMOpl6sf+dikoFHA85uE93Q0BqxrCdQrQ==",
      "cpu": [
        "arm"
      ],
      "dev": true,
      "license": "MIT",
      "optional": true,
      "os": [
        "linux"
      ],
      "engines": {
        "node": "^20.19.0 || >=22.12.0"
      }
    },
    "node_modules/@oxfmt/binding-linux-arm64-gnu": {
      "version": "0.52.0",
      "resolved": "https://registry.npmjs.org/@oxfmt/binding-linux-arm64-gnu/-/binding-linux-arm64-gnu-0.52.0.tgz",
      "integrity": "sha512-Jw7MgWUU9lcLCcy82updISP3EthTlfvAwR6gWNxPzqly7+fLvOi2gHQE9xXQjpqaVLm/8P+gOzlv9ODuoVlaaw==",
      "cpu": [
        "arm64"
      ],
      "dev": true,
      "license": "MIT",
      "optional": true,
      "os": [
        "linux"
      ],
      "engines": {
        "node": "^20.19.0 || >=22.12.0"
      }
    },
    "node_modules/@oxfmt/binding-linux-arm64-musl": {
      "version": "0.52.0",
      "resolved": "https://registry.npmjs.org/@oxfmt/binding-linux-arm64-musl/-/binding-linux-arm64-musl-0.52.0.tgz",
      "integrity": "sha512-wZg6bLjDvh2KibyI3QFUYo8GTXneIFsd0JvehtvJiUmQ8WRPERgxd/VM4ctWb86U5FT1FkqgS8/wZKVB+AZScg==",
      "cpu": [
        "arm64"
      ],
      "dev": true,
      "license": "MIT",
      "optional": true,
      "os": [
        "linux"
      ],
      "engines": {
        "node": "^20.19.0 || >=22.12.0"
      }
    },
    "node_modules/@oxfmt/binding-linux-ppc64-gnu": {
      "version": "0.52.0",
      "resolved": "https://registry.npmjs.org/@oxfmt/binding-linux-ppc64-gnu/-/binding-linux-ppc64-gnu-0.52.0.tgz",
      "integrity": "sha512-IngE8uxhNvxcMrLjZNDo9xNLY7rEK33AKnaMd2B46he1e/mz2CfcW6If/U1wUjdRZddm1QzQaciqZkuMkdh1FA==",
      "cpu": [
        "ppc64"
      ],
      "dev": true,
      "license": "MIT",
      "optional": true,
      "os": [
        "linux"
      ],
      "engines": {
        "node": "^20.19.0 || >=22.12.0"
      }
    },
    "node_modules/@oxfmt/binding-linux-riscv64-gnu": {
      "version": "0.52.0",
      "resolved": "https://registry.npmjs.org/@oxfmt/binding-linux-riscv64-gnu/-/binding-linux-riscv64-gnu-0.52.0.tgz",
      "integrity": "sha512-H3+DdFMv/efN3Efmhsv18jDrpiWWqKG7wsfAlQBqAt6z/E2Bx+TwEj2Nowe51CPOWB8/mFBC2dAMSgVFLvvowA==",
      "cpu": [
        "riscv64"
      ],
      "dev": true,
      "license": "MIT",
      "optional": true,
      "os": [
        "linux"
      ],
      "engines": {
        "node": "^20.19.0 || >=22.12.0"
      }
    },
    "node_modules/@oxfmt/binding-linux-riscv64-musl": {
      "version": "0.52.0",
      "resolved": "https://registry.npmjs.org/@oxfmt/binding-linux-riscv64-musl/-/binding-linux-riscv64-musl-0.52.0.tgz",
      "integrity": "sha512-zji+1kb7lJKohSDjzC1IsS+K/cKRs1hdVf0ZH0VbdbiakmtLvN9twBoXo/k8VdjFax7kfo+DyPxS7vv52br1aw==",
      "cpu": [
        "riscv64"
      ],
      "dev": true,
      "license": "MIT",
      "optional": true,
      "os": [
        "linux"
      ],
      "engines": {
        "node": "^20.19.0 || >=22.12.0"
      }
    },
    "node_modules/@oxfmt/binding-linux-s390x-gnu": {
      "version": "0.52.0",
      "resolved": "https://registry.npmjs.org/@oxfmt/binding-linux-s390x-gnu/-/binding-linux-s390x-gnu-0.52.0.tgz",
      "integrity": "sha512-hcLBYedpCy7ToUvvBidWk7+11Yhg1oAZ4+6hKPic/mQI6NaqXJSXMps5nFlwUuX2ewhtLZZDPg63TI042qGKBg==",
      "cpu": [
        "s390x"
      ],
      "dev": true,
      "license": "MIT",
      "optional": true,
      "os": [
        "linux"
      ],
      "engines": {
        "node": "^20.19.0 || >=22.12.0"
      }
    },
    "node_modules/@oxfmt/binding-linux-x64-gnu": {
      "version": "0.52.0",
      "resolved": "https://registry.npmjs.org/@oxfmt/binding-linux-x64-gnu/-/binding-linux-x64-gnu-0.52.0.tgz",
      "integrity": "sha512-IDO2loXK2OtTOhSPchU9MW25mWL2QCDGdJbjN8MXKZVS80qXe5gMTwQWu/gMJ3juoBHbkuUZNB2N1LHzNT7DoA==",
      "cpu": [
        "x64"
      ],
      "dev": true,
      "license": "MIT",
      "optional": true,
      "os": [
        "linux"
      ],
      "engines": {
        "node": "^20.19.0 || >=22.12.0"
      }
    },
    "node_modules/@oxfmt/binding-linux-x64-musl": {
      "version": "0.52.0",
      "resolved": "https://registry.npmjs.org/@oxfmt/binding-linux-x64-musl/-/binding-linux-x64-musl-0.52.0.tgz",
      "integrity": "sha512-mAV2Hjn0SatJ+KoAzKUC3eJhdJ8wv+3m1KyuS0dTsbF0c5weq+QrCt/DRZZM+uj/XiKzCDEUKYsBF30e2qkcyw==",
      "cpu": [
        "x64"
      ],
      "dev": true,
      "license": "MIT",
      "optional": true,
      "os": [
        "linux"
      ],
      "engines": {
        "node": "^20.19.0 || >=22.12.0"
      }
    },
    "node_modules/@oxfmt/binding-openharmony-arm64": {
      "version": "0.52.0",
      "resolved": "https://registry.npmjs.org/@oxfmt/binding-openharmony-arm64/-/binding-openharmony-arm64-0.52.0.tgz",
      "integrity": "sha512-vd4npaUIwChxp7XzkqmepBWTT9YMcSe/NBApVGPC30/lLyOVaV3dvma1SKo03t8O73BPRAG7EyJzGlN5cJM5hQ==",
      "cpu": [
        "arm64"
      ],
      "dev": true,
      "license": "MIT",
      "optional": true,
      "os": [
        "openharmony"
      ],
      "engines": {
        "node": "^20.19.0 || >=22.12.0"
      }
    },
    "node_modules/@oxfmt/binding-win32-arm64-msvc": {
      "version": "0.52.0",
      "resolved": "https://registry.npmjs.org/@oxfmt/binding-win32-arm64-msvc/-/binding-win32-arm64-msvc-0.52.0.tgz",
      "integrity": "sha512-k2sz6gWQdMfh5HPpIS+Bw/0UEV/kaK2xuqJRrWL233sEHx9WLlsmvlPFM4HUNThkYbSN0U0vPW7LVKZWDS8hPQ==",
      "cpu": [
        "arm64"
      ],
      "dev": true,
      "license": "MIT",
      "optional": true,
      "os": [
        "win32"
      ],
      "engines": {
        "node": "^20.19.0 || >=22.12.0"
      }
    },
    "node_modules/@oxfmt/binding-win32-ia32-msvc": {
      "version": "0.52.0",
      "resolved": "https://registry.npmjs.org/@oxfmt/binding-win32-ia32-msvc/-/binding-win32-ia32-msvc-0.52.0.tgz",
      "integrity": "sha512-rhke69GTcArodLHpjMTfNnvjTEBryDeZcUCKK/VjXDMtfTULl6QRh0ymX5/hbCUv2WjYm9h/QbW++q2vE15gWQ==",
      "cpu": [
        "ia32"
      ],
      "dev": true,
      "license": "MIT",
      "optional": true,
      "os": [
        "win32"
      ],
      "engines": {
        "node": "^20.19.0 || >=22.12.0"
      }
    },
    "node_modules/@oxfmt/binding-win32-x64-msvc": {
      "version": "0.52.0",
      "resolved": "https://registry.npmjs.org/@oxfmt/binding-win32-x64-msvc/-/binding-win32-x64-msvc-0.52.0.tgz",
      "integrity": "sha512-q5xL7oeXkZdEtNZWBdvehJcmt+GRu9l2bK40yJs1jJXlqq+r0Hygb1rTjq+FM2o/2xyt4cufH6KRplHp3Jjsvw==",
      "cpu": [
        "x64"
      ],
      "dev": true,
      "license": "MIT",
      "optional": true,
      "os": [
        "win32"
      ],
      "engines": {
        "node": "^20.19.0 || >=22.12.0"
      }
    },
    "node_modules/@oxlint-tsgolint/darwin-arm64": {
      "version": "0.23.0",
      "resolved": "https://registry.npmjs.org/@oxlint-tsgolint/darwin-arm64/-/darwin-arm64-0.23.0.tgz",
      "integrity": "sha512-gOs9PVr2wEg4ox9z0aJo+RKhhImW86YL5N6yav8BK/rgPsIrwN/igSZ+pbRr723NFvUNKde9fgMhRA6JrXAOZw==",
      "cpu": [
        "arm64"
      ],
      "dev": true,
      "license": "MIT",
      "optional": true,
      "os": [
        "darwin"
      ]
    },
    "node_modules/@oxlint-tsgolint/darwin-x64": {
      "version": "0.23.0",
      "resolved": "https://registry.npmjs.org/@oxlint-tsgolint/darwin-x64/-/darwin-x64-0.23.0.tgz",
      "integrity": "sha512-kjJ8B+7n4tB9VJdxS5A9GdJt6/bYpzbu4lXp2uO1S3sRmCB5gDEABlGoiePNApRWaW+xqL4b4xgiE727jSLhuA==",
      "cpu": [
        "x64"
      ],
      "dev": true,
      "license": "MIT",
      "optional": true,
      "os": [
        "darwin"
      ]
    },
    "node_modules/@oxlint-tsgolint/linux-arm64": {
      "version": "0.23.0",
      "resolved": "https://registry.npmjs.org/@oxlint-tsgolint/linux-arm64/-/linux-arm64-0.23.0.tgz",
      "integrity": "sha512-6dCZuKNu135seMXilkRk9SpCx6i1XgmiipYGalLij5WVRX6ZYS8c4xI7preN/zv9fCXhsQclTIMDu2Y/cytTjw==",
      "cpu": [
        "arm64"
      ],
      "dev": true,
      "license": "MIT",
      "optional": true,
      "os": [
        "linux"
      ]
    },
    "node_modules/@oxlint-tsgolint/linux-x64": {
      "version": "0.23.0",
      "resolved": "https://registry.npmjs.org/@oxlint-tsgolint/linux-x64/-/linux-x64-0.23.0.tgz",
      "integrity": "sha512-3bdilnyA7kmSTjK27rvjIjSxL5SIg3wt7vwNiRkouWB83ytssyKnuGvxSYJxgMEmFpSutzaBzcCUM2jDtPGcgA==",
      "cpu": [
        "x64"
      ],
      "dev": true,
      "license": "MIT",
      "optional": true,
      "os": [
        "linux"
      ]
    },
    "node_modules/@oxlint-tsgolint/win32-arm64": {
      "version": "0.23.0",
      "resolved": "https://registry.npmjs.org/@oxlint-tsgolint/win32-arm64/-/win32-arm64-0.23.0.tgz",
      "integrity": "sha512-j+OEp44SVYiQ+ZD+uttsX7u6L9SvmbbQ77SO1pSFCcJlsVMeCk8qZsjhKfGKuT/jIA+ipOJMVs/+pqUfObBWNw==",
      "cpu": [
        "arm64"
      ],
      "dev": true,
      "license": "MIT",
      "optional": true,
      "os": [
        "win32"
      ]
    },
    "node_modules/@oxlint-tsgolint/win32-x64": {
      "version": "0.23.0",
      "resolved": "https://registry.npmjs.org/@oxlint-tsgolint/win32-x64/-/win32-x64-0.23.0.tgz",
      "integrity": "sha512-5MyjFuqf+g8OUPJBSGWHJtmoWnzFJYyOg4To9WMQshZYEWig/vtu7JtJ03VWnzHv9LJkAUeApY0gVCOywFR/iQ==",
      "cpu": [
        "x64"
      ],
      "dev": true,
      "license": "MIT",
      "optional": true,
      "os": [
        "win32"
      ]
    },
    "node_modules/@oxlint/binding-android-arm-eabi": {
      "version": "1.67.0",
      "resolved": "https://registry.npmjs.org/@oxlint/binding-android-arm-eabi/-/binding-android-arm-eabi-1.67.0.tgz",
      "integrity": "sha512-VrSi571rDv1N8HaEDM+DEX8nmT0y9jJo8tzzW13vsOWTx59xQczCIJx68n2zWOXRT5YKZsOZXp4qkHN/10x4mw==",
      "cpu": [
        "arm"
      ],
      "dev": true,
      "license": "MIT",
      "optional": true,
      "os": [
        "android"
      ],
      "engines": {
        "node": "^20.19.0 || >=22.12.0"
      }
    },
    "node_modules/@oxlint/binding-android-arm64": {
      "version": "1.67.0",
      "resolved": "https://registry.npmjs.org/@oxlint/binding-android-arm64/-/binding-android-arm64-1.67.0.tgz",
      "integrity": "sha512-l6+NdYxMoRohix5r5bbigW16LPicceCwGcQ6LKKuE1kUdjgFfQolJjrJsQYPFetIs78Gxj/G/f5TEGoTCwj9nQ==",
      "cpu": [
        "arm64"
      ],
      "dev": true,
      "license": "MIT",
      "optional": true,
      "os": [
        "android"
      ],
      "engines": {
        "node": "^20.19.0 || >=22.12.0"
      }
    },
    "node_modules/@oxlint/binding-darwin-arm64": {
      "version": "1.67.0",
      "resolved": "https://registry.npmjs.org/@oxlint/binding-darwin-arm64/-/binding-darwin-arm64-1.67.0.tgz",
      "integrity": "sha512-jOzXxS1AxFxhImLIRbtGIMrEwaXcgMw3gR57WB1cRk8ai+vpr6726kxXqVvlNsrXtJ/FrmOm8RxlC0m8SW24Qg==",
      "cpu": [
        "arm64"
      ],
      "dev": true,
      "license": "MIT",
      "optional": true,
      "os": [
        "darwin"
      ],
      "engines": {
        "node": "^20.19.0 || >=22.12.0"
      }
    },
    "node_modules/@oxlint/binding-darwin-x64": {
      "version": "1.67.0",
      "resolved": "https://registry.npmjs.org/@oxlint/binding-darwin-x64/-/binding-darwin-x64-1.67.0.tgz",
      "integrity": "sha512-3DFAVY94OqjIZHXIPz37yGRSWwOFTAqChQ64/M69GYLawzP0KiwdhDNfqdKKYT0bTR/DNxmMnQsj3ns+8+X/Lg==",
      "cpu": [
        "x64"
      ],
      "dev": true,
      "license": "MIT",
      "optional": true,
      "os": [
        "darwin"
      ],
      "engines": {
        "node": "^20.19.0 || >=22.12.0"
      }
    },
    "node_modules/@oxlint/binding-freebsd-x64": {
      "version": "1.67.0",
      "resolved": "https://registry.npmjs.org/@oxlint/binding-freebsd-x64/-/binding-freebsd-x64-1.67.0.tgz",
      "integrity": "sha512-e4dDKZuLu8TR9DEBssWSDahlPgZBwojTTHZUvnjBRJfJJbpxYCjfjKfi0Z1+CSLMiJBwI2yCDtRM1XJQaARjmg==",
      "cpu": [
        "x64"
      ],
      "dev": true,
      "license": "MIT",
      "optional": true,
      "os": [
        "freebsd"
      ],
      "engines": {
        "node": "^20.19.0 || >=22.12.0"
      }
    },
    "node_modules/@oxlint/binding-linux-arm-gnueabihf": {
      "version": "1.67.0",
      "resolved": "https://registry.npmjs.org/@oxlint/binding-linux-arm-gnueabihf/-/binding-linux-arm-gnueabihf-1.67.0.tgz",
      "integrity": "sha512-BKytFdcQzbITV3xlnzDUDTEDtbUMCCiC4EaNTDZ4FyT8gdNvBC4gfiLucXp/sQl0XU3p7syTlorUWVVVBZab2g==",
      "cpu": [
        "arm"
      ],
      "dev": true,
      "license": "MIT",
      "optional": true,
      "os": [
        "linux"
      ],
      "engines": {
        "node": "^20.19.0 || >=22.12.0"
      }
    },
    "node_modules/@oxlint/binding-linux-arm-musleabihf": {
      "version": "1.67.0",
      "resolved": "https://registry.npmjs.org/@oxlint/binding-linux-arm-musleabihf/-/binding-linux-arm-musleabihf-1.67.0.tgz",
      "integrity": "sha512-XYAv0esBDX7BpTzRDjVX2Vdj+zndd8ll2dFQiaeQ6zTZr7A8GRDTN7fH3FP3jU+O0vCDx85oH/EtG7BzPgAXuw==",
      "cpu": [
        "arm"
      ],
      "dev": true,
      "license": "MIT",
      "optional": true,
      "os": [
        "linux"
      ],
      "engines": {
        "node": "^20.19.0 || >=22.12.0"
      }
    },
    "node_modules/@oxlint/binding-linux-arm64-gnu": {
      "version": "1.67.0",
      "resolved": "https://registry.npmjs.org/@oxlint/binding-linux-arm64-gnu/-/binding-linux-arm64-gnu-1.67.0.tgz",
      "integrity": "sha512-zizRMjA0i6u/2B0evgda04iycu+MoNuf1pBy6Eh+1CjC5wMEG7qN5zdDKTCvFc0KSYSDM9QTG3gjZHirgtQuKg==",
      "cpu": [
        "arm64"
      ],
      "dev": true,
      "license": "MIT",
      "optional": true,
      "os": [
        "linux"
      ],
      "engines": {
        "node": "^20.19.0 || >=22.12.0"
      }
    },
    "node_modules/@oxlint/binding-linux-arm64-musl": {
      "version": "1.67.0",
      "resolved": "https://registry.npmjs.org/@oxlint/binding-linux-arm64-musl/-/binding-linux-arm64-musl-1.67.0.tgz",
      "integrity": "sha512-zB/Tf6sUjmmvvbva9Gj3JTJ8rJ9t4I8/U0o6vSRtd0DRIsIuyegBwJAzhSUFQHdMijIRJkW0exs/yBhpw2S20w==",
      "cpu": [
        "arm64"
      ],
      "dev": true,
      "license": "MIT",
      "optional": true,
      "os": [
        "linux"
      ],
      "engines": {
        "node": "^20.19.0 || >=22.12.0"
      }
    },
    "node_modules/@oxlint/binding-linux-ppc64-gnu": {
      "version": "1.67.0",
      "resolved": "https://registry.npmjs.org/@oxlint/binding-linux-ppc64-gnu/-/binding-linux-ppc64-gnu-1.67.0.tgz",
      "integrity": "sha512-kgU40Gt74CK0TCsF51KZymkIwN9U0BajKsMijB52zPqOeZU9NAHkA/NSQkZDHEaCakx42DxhXkODiAqf2b4Gug==",
      "cpu": [
        "ppc64"
      ],
      "dev": true,
      "license": "MIT",
      "optional": true,
      "os": [
        "linux"
      ],
      "engines": {
        "node": "^20.19.0 || >=22.12.0"
      }
    },
    "node_modules/@oxlint/binding-linux-riscv64-gnu": {
      "version": "1.67.0",
      "resolved": "https://registry.npmjs.org/@oxlint/binding-linux-riscv64-gnu/-/binding-linux-riscv64-gnu-1.67.0.tgz",
      "integrity": "sha512-tOYhkk/iaG9aD3FvGpBFd1Lrw0x0RaVoJBxjUkfNzS50rC5NS5BteNCwgr8A2zCdADrIIoze6D7u6U5Ic++/iQ==",
      "cpu": [
        "riscv64"
      ],
      "dev": true,
      "license": "MIT",
      "optional": true,
      "os": [
        "linux"
      ],
      "engines": {
        "node": "^20.19.0 || >=22.12.0"
      }
    },
    "node_modules/@oxlint/binding-linux-riscv64-musl": {
      "version": "1.67.0",
      "resolved": "https://registry.npmjs.org/@oxlint/binding-linux-riscv64-musl/-/binding-linux-riscv64-musl-1.67.0.tgz",
      "integrity": "sha512-sEtywrPb+0b+tHYl1SDCrw903fiC4eyKoNqzP3v+f2JT3Xcv4NEYG+P8rj+eEnX7IWhqV/xj8/JmcmVj21CXaA==",
      "cpu": [
        "riscv64"
      ],
      "dev": true,
      "license": "MIT",
      "optional": true,
      "os": [
        "linux"
      ],
      "engines": {
        "node": "^20.19.0 || >=22.12.0"
      }
    },
    "node_modules/@oxlint/binding-linux-s390x-gnu": {
      "version": "1.67.0",
      "resolved": "https://registry.npmjs.org/@oxlint/binding-linux-s390x-gnu/-/binding-linux-s390x-gnu-1.67.0.tgz",
      "integrity": "sha512-BvR8Moa0zCLxroOx4vZaZN9nUfwAUpSTwjZdxZyKy4bv3PrzrXrxKR/ZQ0L9wNSvlPhnMJeZfa3q5w6ZCTuN6Q==",
      "cpu": [
        "s390x"
      ],
      "dev": true,
      "license": "MIT",
      "optional": true,
      "os": [
        "linux"
      ],
      "engines": {
        "node": "^20.19.0 || >=22.12.0"
      }
    },
    "node_modules/@oxlint/binding-linux-x64-gnu": {
      "version": "1.67.0",
      "resolved": "https://registry.npmjs.org/@oxlint/binding-linux-x64-gnu/-/binding-linux-x64-gnu-1.67.0.tgz",
      "integrity": "sha512-mm2cxM6fksOpq6l0uFws8BUGKAR4dNa/cZCn37Npq7PFbhD5HDJqWfnoIvTaeRKMy5XdS2tO0MA0qbHDrnXAAA==",
      "cpu": [
        "x64"
      ],
      "dev": true,
      "license": "MIT",
      "optional": true,
      "os": [
        "linux"
      ],
      "engines": {
        "node": "^20.19.0 || >=22.12.0"
      }
    },
    "node_modules/@oxlint/binding-linux-x64-musl": {
      "version": "1.67.0",
      "resolved": "https://registry.npmjs.org/@oxlint/binding-linux-x64-musl/-/binding-linux-x64-musl-1.67.0.tgz",
      "integrity": "sha512-WmbMuLapKyDlobMkXAaAL0Y+Uczh4LETfIfQsUpbId4Ip8Ai82/jqeYTOoUCkuuhBFapgqP253+d83tLKOksJg==",
      "cpu": [
        "x64"
      ],
      "dev": true,
      "license": "MIT",
      "optional": true,
      "os": [
        "linux"
      ],
      "engines": {
        "node": "^20.19.0 || >=22.12.0"
      }
    },
    "node_modules/@oxlint/binding-openharmony-arm64": {
      "version": "1.67.0",
      "resolved": "https://registry.npmjs.org/@oxlint/binding-openharmony-arm64/-/binding-openharmony-arm64-1.67.0.tgz",
      "integrity": "sha512-9g/PqxYJelzzTAOR5Y+RiRqdeydhEuXv2KxNeFcAKQ7UsvnWSY1OP4MsuPMbTO2Pf70tz7mFhl1j13H3fyh+8g==",
      "cpu": [
        "arm64"
      ],
      "dev": true,
      "license": "MIT",
      "optional": true,
      "os": [
        "openharmony"
      ],
      "engines": {
        "node": "^20.19.0 || >=22.12.0"
      }
    },
    "node_modules/@oxlint/binding-win32-arm64-msvc": {
      "version": "1.67.0",
      "resolved": "https://registry.npmjs.org/@oxlint/binding-win32-arm64-msvc/-/binding-win32-arm64-msvc-1.67.0.tgz",
      "integrity": "sha512-2VhwE6Gatb0vJGnN0TBuQMbKCOiZlSQ/zJvVWYLK4a9d4iDiJOen/yVQkGpmsJ90MuH66fzi0kEKI0jRQMDxGA==",
      "cpu": [
        "arm64"
      ],
      "dev": true,
      "license": "MIT",
      "optional": true,
      "os": [
        "win32"
      ],
      "engines": {
        "node": "^20.19.0 || >=22.12.0"
      }
    },
    "node_modules/@oxlint/binding-win32-ia32-msvc": {
      "version": "1.67.0",
      "resolved": "https://registry.npmjs.org/@oxlint/binding-win32-ia32-msvc/-/binding-win32-ia32-msvc-1.67.0.tgz",
      "integrity": "sha512-EQ3VExXfeM1InbE5+JjufhZZTWy+kHUwgt3yZR7gQ47Je/mE0WspQPan0OJznh493L5anM210YNJtH1PXjTSFg==",
      "cpu": [
        "ia32"
      ],
      "dev": true,
      "license": "MIT",
      "optional": true,
      "os": [
        "win32"
      ],
      "engines": {
        "node": "^20.19.0 || >=22.12.0"
      }
    },
    "node_modules/@oxlint/binding-win32-x64-msvc": {
      "version": "1.67.0",
      "resolved": "https://registry.npmjs.org/@oxlint/binding-win32-x64-msvc/-/binding-win32-x64-msvc-1.67.0.tgz",
      "integrity": "sha512-bw24y+/1MHS4QDkons3YyHkPT9uCMoLHHgQhb+mb8NOjTYwub1CZ+K9Ngr8aO5DMrDrkqHwTzlTwFP2vS8Y/ZQ==",
      "cpu": [
        "x64"
      ],
      "dev": true,
      "license": "MIT",
      "optional": true,
      "os": [
        "win32"
      ],
      "engines": {
        "node": "^20.19.0 || >=22.12.0"
      }
    },
    "node_modules/@types/node": {
      "version": "24.12.3",
      "resolved": "https://registry.npmjs.org/@types/node/-/node-24.12.3.tgz",
      "integrity": "sha512-8oljBDGun9cIsZRJR6fkihn0TSXJI0UDOOhncYaERq6M0JMDoPLxyscwruJcb4GKS6dvK/d8xebYBg27h/duaQ==",
      "dev": true,
      "license": "MIT",
      "dependencies": {
        "undici-types": "~7.16.0"
      }
    },
    "node_modules/@typescript/native-preview": {
      "version": "7.0.0-dev.20260509.2",
      "resolved": "https://registry.npmjs.org/@typescript/native-preview/-/native-preview-7.0.0-dev.20260509.2.tgz",
      "integrity": "sha512-JAJpEX0yBaEle2zzbX5z9QAhmEfML1SyQafLwbKCdcOtnkGdk5xD8NKIVxq+nTwYjRwuV7kKnQ+fqU3gpWY0qQ==",
      "dev": true,
      "license": "Apache-2.0",
      "bin": {
        "tsgo": "bin/tsgo.js"
      },
      "engines": {
        "node": ">=16.20.0"
      },
      "optionalDependencies": {
        "@typescript/native-preview-darwin-arm64": "7.0.0-dev.20260509.2",
        "@typescript/native-preview-darwin-x64": "7.0.0-dev.20260509.2",
        "@typescript/native-preview-linux-arm": "7.0.0-dev.20260509.2",
        "@typescript/native-preview-linux-arm64": "7.0.0-dev.20260509.2",
        "@typescript/native-preview-linux-x64": "7.0.0-dev.20260509.2",
        "@typescript/native-preview-win32-arm64": "7.0.0-dev.20260509.2",
        "@typescript/native-preview-win32-x64": "7.0.0-dev.20260509.2"
      }
    },
    "node_modules/@typescript/native-preview-darwin-arm64": {
      "version": "7.0.0-dev.20260509.2",
      "resolved": "https://registry.npmjs.org/@typescript/native-preview-darwin-arm64/-/native-preview-darwin-arm64-7.0.0-dev.20260509.2.tgz",
      "integrity": "sha512-oG9KahiCpx4q70Ood/rRJhYio4oIMHEHfX0g0LhfenlSIjIonitZWjUmUVG9N9q1ev9QWcM8pWpDrGGP0Osp3Q==",
      "cpu": [
        "arm64"
      ],
      "dev": true,
      "license": "Apache-2.0",
      "optional": true,
      "os": [
        "darwin"
      ],
      "engines": {
        "node": ">=16.20.0"
      }
    },
    "node_modules/@typescript/native-preview-darwin-x64": {
      "version": "7.0.0-dev.20260509.2",
      "resolved": "https://registry.npmjs.org/@typescript/native-preview-darwin-x64/-/native-preview-darwin-x64-7.0.0-dev.20260509.2.tgz",
      "integrity": "sha512-xdEkp23Gu8I7PJCMmSMYtSLX76NKODWj74AoWFPi6MM59ICsjnTSqZf/HmXKSvuNZ5MGb4CMpP3c40dLjGB2PQ==",
      "cpu": [
        "x64"
      ],
      "dev": true,
      "license": "Apache-2.0",
      "optional": true,
      "os": [
        "darwin"
      ],
      "engines": {
        "node": ">=16.20.0"
      }
    },
    "node_modules/@typescript/native-preview-linux-arm": {
      "version": "7.0.0-dev.20260509.2",
      "resolved": "https://registry.npmjs.org/@typescript/native-preview-linux-arm/-/native-preview-linux-arm-7.0.0-dev.20260509.2.tgz",
      "integrity": "sha512-ar5HN/V/4HLF4FZCoVVFj+ET1Soi758hb4WhhzYQfSUXQ/bpVGUGP86JAy8EhVMoeN6qxqWet93MkLSszJOIVg==",
      "cpu": [
        "arm"
      ],
      "dev": true,
      "license": "Apache-2.0",
      "optional": true,
      "os": [
        "linux"
      ],
      "engines": {
        "node": ">=16.20.0"
      }
    },
    "node_modules/@typescript/native-preview-linux-arm64": {
      "version": "7.0.0-dev.20260509.2",
      "resolved": "https://registry.npmjs.org/@typescript/native-preview-linux-arm64/-/native-preview-linux-arm64-7.0.0-dev.20260509.2.tgz",
      "integrity": "sha512-rd+bMRtUAFBClOAKi9p2rOu6jPmnrjZVljoFyxHw+6bIRLerEQlxP+nIH1olC3HOZPyZ6/x75WtfzTHYeqffiQ==",
      "cpu": [
        "arm64"
      ],
      "dev": true,
      "license": "Apache-2.0",
      "optional": true,
      "os": [
        "linux"
      ],
      "engines": {
        "node": ">=16.20.0"
      }
    },
    "node_modules/@typescript/native-preview-linux-x64": {
      "version": "7.0.0-dev.20260509.2",
      "resolved": "https://registry.npmjs.org/@typescript/native-preview-linux-x64/-/native-preview-linux-x64-7.0.0-dev.20260509.2.tgz",
      "integrity": "sha512-lB26mGzdolYIZiOdBII8roVJCxCUR8zkYszvvHyjB1IPs7d5fmOhT6OzI1zYPYujiSRJi4HVYM1iXTcIfp7KDg==",
      "cpu": [
        "x64"
      ],
      "dev": true,
      "license": "Apache-2.0",
      "optional": true,
      "os": [
        "linux"
      ],
      "engines": {
        "node": ">=16.20.0"
      }
    },
    "node_modules/@typescript/native-preview-win32-arm64": {
      "version": "7.0.0-dev.20260509.2",
      "resolved": "https://registry.npmjs.org/@typescript/native-preview-win32-arm64/-/native-preview-win32-arm64-7.0.0-dev.20260509.2.tgz",
      "integrity": "sha512-gH3UmtyxHiRNEP0LgQXCVlB5+ZN/U+/Z7jM/zULQtTOxIIFK3Y4b8gbGLvP7uW3u2cqYOg2hc2nuN8OdsCmOig==",
      "cpu": [
        "arm64"
      ],
      "dev": true,
      "license": "Apache-2.0",
      "optional": true,
      "os": [
        "win32"
      ],
      "engines": {
        "node": ">=16.20.0"
      }
    },
    "node_modules/@typescript/native-preview-win32-x64": {
      "version": "7.0.0-dev.20260509.2",
      "resolved": "https://registry.npmjs.org/@typescript/native-preview-win32-x64/-/native-preview-win32-x64-7.0.0-dev.20260509.2.tgz",
      "integrity": "sha512-kZV0Vh64hp10saOghPlFZE1qahonqvRgU3iubt8pUY4XLe8IQIofwWCN5vzNNeULE4W4mRtAJbHuvP/muOFomw==",
      "cpu": [
        "x64"
      ],
      "dev": true,
      "license": "Apache-2.0",
      "optional": true,
      "os": [
        "win32"
      ],
      "engines": {
        "node": ">=16.20.0"
      }
    },
    "node_modules/oxfmt": {
      "version": "0.52.0",
      "resolved": "https://registry.npmjs.org/oxfmt/-/oxfmt-0.52.0.tgz",
      "integrity": "sha512-nJlYM35F64zTDMecCNhoHNkf+D/eHv7xcjj9XDSj+bFAVtN93m7v8DQMdHd6nDG6Akf/kEYYHmDUBs2Dz27Sug==",
      "dev": true,
      "license": "MIT",
      "dependencies": {
        "tinypool": "2.1.0"
      },
      "bin": {
        "oxfmt": "bin/oxfmt"
      },
      "engines": {
        "node": "^20.19.0 || >=22.12.0"
      },
      "funding": {
        "url": "https://github.com/sponsors/Boshen"
      },
      "optionalDependencies": {
        "@oxfmt/binding-android-arm-eabi": "0.52.0",
        "@oxfmt/binding-android-arm64": "0.52.0",
        "@oxfmt/binding-darwin-arm64": "0.52.0",
        "@oxfmt/binding-darwin-x64": "0.52.0",
        "@oxfmt/binding-freebsd-x64": "0.52.0",
        "@oxfmt/binding-linux-arm-gnueabihf": "0.52.0",
        "@oxfmt/binding-linux-arm-musleabihf": "0.52.0",
        "@oxfmt/binding-linux-arm64-gnu": "0.52.0",
        "@oxfmt/binding-linux-arm64-musl": "0.52.0",
        "@oxfmt/binding-linux-ppc64-gnu": "0.52.0",
        "@oxfmt/binding-linux-riscv64-gnu": "0.52.0",
        "@oxfmt/binding-linux-riscv64-musl": "0.52.0",
        "@oxfmt/binding-linux-s390x-gnu": "0.52.0",
        "@oxfmt/binding-linux-x64-gnu": "0.52.0",
        "@oxfmt/binding-linux-x64-musl": "0.52.0",
        "@oxfmt/binding-openharmony-arm64": "0.52.0",
        "@oxfmt/binding-win32-arm64-msvc": "0.52.0",
        "@oxfmt/binding-win32-ia32-msvc": "0.52.0",
        "@oxfmt/binding-win32-x64-msvc": "0.52.0"
      },
      "peerDependencies": {
        "svelte": "^5.0.0",
        "vite-plus": "*"
      },
      "peerDependenciesMeta": {
        "svelte": {
          "optional": true
        },
        "vite-plus": {
          "optional": true
        }
      }
    },
    "node_modules/oxlint": {
      "version": "1.67.0",
      "resolved": "https://registry.npmjs.org/oxlint/-/oxlint-1.67.0.tgz",
      "integrity": "sha512-blwwaHPdoH8piQ5/z0KHeoHFR7FZgl12WluKJfu4qFLPkZl6mK04PkLE45Fw1NxfBRSlh40Gu7MkxHUw++ociQ==",
      "dev": true,
      "license": "MIT",
      "bin": {
        "oxlint": "bin/oxlint"
      },
      "engines": {
        "node": "^20.19.0 || >=22.12.0"
      },
      "funding": {
        "url": "https://github.com/sponsors/Boshen"
      },
      "optionalDependencies": {
        "@oxlint/binding-android-arm-eabi": "1.67.0",
        "@oxlint/binding-android-arm64": "1.67.0",
        "@oxlint/binding-darwin-arm64": "1.67.0",
        "@oxlint/binding-darwin-x64": "1.67.0",
        "@oxlint/binding-freebsd-x64": "1.67.0",
        "@oxlint/binding-linux-arm-gnueabihf": "1.67.0",
        "@oxlint/binding-linux-arm-musleabihf": "1.67.0",
        "@oxlint/binding-linux-arm64-gnu": "1.67.0",
        "@oxlint/binding-linux-arm64-musl": "1.67.0",
        "@oxlint/binding-linux-ppc64-gnu": "1.67.0",
        "@oxlint/binding-linux-riscv64-gnu": "1.67.0",
        "@oxlint/binding-linux-riscv64-musl": "1.67.0",
        "@oxlint/binding-linux-s390x-gnu": "1.67.0",
        "@oxlint/binding-linux-x64-gnu": "1.67.0",
        "@oxlint/binding-linux-x64-musl": "1.67.0",
        "@oxlint/binding-openharmony-arm64": "1.67.0",
        "@oxlint/binding-win32-arm64-msvc": "1.67.0",
        "@oxlint/binding-win32-ia32-msvc": "1.67.0",
        "@oxlint/binding-win32-x64-msvc": "1.67.0"
      },
      "peerDependencies": {
        "oxlint-tsgolint": ">=0.22.1",
        "vite-plus": "*"
      },
      "peerDependenciesMeta": {
        "oxlint-tsgolint": {
          "optional": true
        },
        "vite-plus": {
          "optional": true
        }
      }
    },
    "node_modules/oxlint-tsgolint": {
      "version": "0.23.0",
      "resolved": "https://registry.npmjs.org/oxlint-tsgolint/-/oxlint-tsgolint-0.23.0.tgz",
      "integrity": "sha512-3mBv3CoPbh8dFbzfDGIWa2ytZjn2v+3EX4aKRXjIhsoGFzG8GCjfRirz3rwZf1wYbZzsNLTSgpw8VjQuWdp/jA==",
      "dev": true,
      "license": "MIT",
      "bin": {
        "tsgolint": "bin/tsgolint.js"
      },
      "optionalDependencies": {
        "@oxlint-tsgolint/darwin-arm64": "0.23.0",
        "@oxlint-tsgolint/darwin-x64": "0.23.0",
        "@oxlint-tsgolint/linux-arm64": "0.23.0",
        "@oxlint-tsgolint/linux-x64": "0.23.0",
        "@oxlint-tsgolint/win32-arm64": "0.23.0",
        "@oxlint-tsgolint/win32-x64": "0.23.0"
      }
    },
    "node_modules/tinypool": {
      "version": "2.1.0",
      "resolved": "https://registry.npmjs.org/tinypool/-/tinypool-2.1.0.tgz",
      "integrity": "sha512-Pugqs6M0m7Lv1I7FtxN4aoyToKg1C4tu+/381vH35y8oENM/Ai7f7C4StcoK4/+BSw9ebcS8jRiVrORFKCALLw==",
      "dev": true,
      "license": "MIT",
      "engines": {
        "node": "^20.0.0 || >=22.0.0"
      }
    },
    "node_modules/undici-types": {
      "version": "7.16.0",
      "resolved": "https://registry.npmjs.org/undici-types/-/undici-types-7.16.0.tgz",
      "integrity": "sha512-Zz+aZWSj8LE6zoxD+xrjh4VfkIG8Ya6LvYkZqtUQGJPZjYl53ypCaUwWqo7eI0x66KBGeRo+mlBEkMSeSZ38Nw==",
      "dev": true,
      "license": "MIT"
    }
  }
}
